
Microsoft Visual Studio Solution File, Format Version 12.00
# Visual Studio Version 17
VisualStudioVersion = 17.11.35327.3
MinimumVisualStudioVersion = 10.0.40219.1
Project("{9A19103F-16F7-4668-BE54-9A1E7A4F7556}") = "PythonNet.App.Web", "PythonNet.App.Web\PythonNet.App.Web.csproj", "{63412905-9092-4B74-8265-FDE0F56676F9}"
EndProject
Project("{9A19103F-16F7-4668-BE54-9A1E7A4F7556}") = "PythonNet.Python", "PythonNet.Python\PythonNet.Python.csproj", "{9FDF6B6F-DC12-43AD-97C2-1FD94FC7AE3C}"
EndProject
Global
	GlobalSection(SolutionConfigurationPlatforms) = preSolution
		Debug|Any CPU = Debug|Any CPU
		Release|Any CPU = Release|Any CPU
	EndGlobalSection
	GlobalSection(ProjectConfigurationPlatforms) = postSolution
		{63412905-9092-4B74-8265-FDE0F56676F9}.Debug|Any CPU.ActiveCfg = Debug|Any CPU
		{63412905-9092-4B74-8265-FDE0F56676F9}.Debug|Any CPU.Build.0 = Debug|Any CPU
		{63412905-9092-4B74-8265-FDE0F56676F9}.Release|Any CPU.ActiveCfg = Release|Any CPU
		{63412905-9092-4B74-8265-FDE0F56676F9}.Release|Any CPU.Build.0 = Release|Any CPU
		{9FDF6B6F-DC12-43AD-97C2-1FD94FC7AE3C}.Debug|Any CPU.ActiveCfg = Debug|Any CPU
		{9FDF6B6F-DC12-43AD-97C2-1FD94FC7AE3C}.Debug|Any CPU.Build.0 = Debug|Any CPU
		{9FDF6B6F-DC12-43AD-97C2-1FD94FC7AE3C}.Release|Any CPU.ActiveCfg = Release|Any CPU
		{9FDF6B6F-DC12-43AD-97C2-1FD94FC7AE3C}.Release|Any CPU.Build.0 = Release|Any CPU
	EndGlobalSection
	GlobalSection(SolutionProperties) = preSolution
		HideSolutionNode = FALSE
	EndGlobalSection
	GlobalSection(ExtensibilityGlobals) = postSolution
		SolutionGuid = {0C32001C-77CF-4224-B702-13BD61D69900}
	EndGlobalSection
EndGlobal
